{
	"name": "obsidian-theme-design-utilities",
	"version": "0.22.2",
	"lockfileVersion": 3,
	"requires": true,
	"packages": {
		"": {
			"name": "obsidian-theme-design-utilities",
			"version": "0.22.2",
			"license": "MIT",
			"devDependencies": {
				"@biomejs/biome": "latest",
				"@types/node": "latest",
				"builtin-modules": "^3.2.0",
				"esbuild": "^0.20.0",
				"markdownlint-cli": "latest",
				"obsidian": "latest",
				"tslib": "2.6.2",
				"typescript": "^5.3.3"
			}
		},
		"node_modules/@biomejs/biome": {
			"version": "1.7.1",
			"resolved": "https://registry.npmjs.org/@biomejs/biome/-/biome-1.7.1.tgz",
			"integrity": "sha512-wb2UNoFXcgaMdKXKT5ytsYntaogl2FSTjDt20CZynF3v7OXQUcIpTrr+be3XoOGpoZRj3Ytq9TSpmplUREXmeA==",
			"dev": true,
			"hasInstallScript": true,
			"bin": {
				"biome": "bin/biome"
			},
			"engines": {
				"node": ">=14.21.3"
			},
			"funding": {
				"type": "opencollective",
				"url": "https://opencollective.com/biome"
			},
			"optionalDependencies": {
				"@biomejs/cli-darwin-arm64": "1.7.1",
				"@biomejs/cli-darwin-x64": "1.7.1",
				"@biomejs/cli-linux-arm64": "1.7.1",
				"@biomejs/cli-linux-arm64-musl": "1.7.1",
				"@biomejs/cli-linux-x64": "1.7.1",
				"@biomejs/cli-linux-x64-musl": "1.7.1",
				"@biomejs/cli-win32-arm64": "1.7.1",
				"@biomejs/cli-win32-x64": "1.7.1"
			}
		},
		"node_modules/@biomejs/cli-darwin-arm64": {
			"version": "1.7.1",
			"resolved": "https://registry.npmjs.org/@biomejs/cli-darwin-arm64/-/cli-darwin-arm64-1.7.1.tgz",
			"integrity": "sha512-qfLrIIB58dkgiY/1tgG6fSCBK22PZaSIf6blweZBsG6iMij05mEuJt50ne+zPnNFNUmt8t43NC/qOXT3iFHQBA==",
			"cpu": [
				"arm64"
			],
			"dev": true,
			"optional": true,
			"os": [
				"darwin"
			],
			"engines": {
				"node": ">=14.21.3"
			}
		},
		"node_modules/@biomejs/cli-darwin-x64": {
			"version": "1.7.1",
			"resolved": "https://registry.npmjs.org/@biomejs/cli-darwin-x64/-/cli-darwin-x64-1.7.1.tgz",
			"integrity": "sha512-OGeyNsEcp5VnKbF9/TBjPCTHNEOm7oHegEve07U3KZmzqfpw2Oe3i9DVW8t6vvj1TYbrwWYCld25H34kBDY7Vg==",
			"cpu": [
				"x64"
			],
			"dev": true,
			"optional": true,
			"os": [
				"darwin"
			],
			"engines": {
				"node": ">=14.21.3"
			}
		},
		"node_modules/@biomejs/cli-linux-arm64": {
			"version": "1.7.1",
			"resolved": "https://registry.npmjs.org/@biomejs/cli-linux-arm64/-/cli-linux-arm64-1.7.1.tgz",
			"integrity": "sha512-MQDf5wErj1iBvlcxCyOa0XqZYN8WJrupVgbNnqhntO3yVATg8GxduVUn1fDSaolznkDRsj7Pz3Xu1esBFwvfmg==",
			"cpu": [
				"arm64"
			],
			"dev": true,
			"optional": true,
			"os": [
				"linux"
			],
			"engines": {
				"node": ">=14.21.3"
			}
		},
		"node_modules/@biomejs/cli-linux-arm64-musl": {
			"version": "1.7.1",
			"resolved": "https://registry.npmjs.org/@biomejs/cli-linux-arm64-musl/-/cli-linux-arm64-musl-1.7.1.tgz",
			"integrity": "sha512-giH0/CzLOJ+wbxLxd5Shnr5xQf5fGnTRWLDe3lzjaF7IplVydNCEeZJtncB01SvyA6DAFJsvQ4LNxzAOQfEVCg==",
			"cpu": [
				"arm64"
			],
			"dev": true,
			"optional": true,
			"os": [
				"linux"
			],
			"engines": {
				"node": ">=14.21.3"
			}
		},
		"node_modules/@biomejs/cli-linux-x64": {
			"version": "1.7.1",
			"resolved": "https://registry.npmjs.org/@biomejs/cli-linux-x64/-/cli-linux-x64-1.7.1.tgz",
			"integrity": "sha512-3wmCsGcC3KZ4pfTknXHfyMMlXPMhgfXVAcG5GlrR+Tq2JGiAw0EUydaLpsSBEbcG7IxH6OiUZEJZ95kAycCHBA==",
			"cpu": [
				"x64"
			],
			"dev": true,
			"optional": true,
			"os": [
				"linux"
			],
			"engines": {
				"node": ">=14.21.3"
			}
		},
		"node_modules/@biomejs/cli-linux-x64-musl": {
			"version": "1.7.1",
			"resolved": "https://registry.npmjs.org/@biomejs/cli-linux-x64-musl/-/cli-linux-x64-musl-1.7.1.tgz",
			"integrity": "sha512-ySNDtPhsLxU125IFHHAxfpoHBpkM56s4mEXeO70GZtgZay/o1h8IUPWCWf5Z7gKgc4jwgYN1U1U9xabI3hZVAg==",
			"cpu": [
				"x64"
			],
			"dev": true,
			"optional": true,
			"os": [
				"linux"
			],
			"engines": {
				"node": ">=14.21.3"
			}
		},
		"node_modules/@biomejs/cli-win32-arm64": {
			"version": "1.7.1",
			"resolved": "https://registry.npmjs.org/@biomejs/cli-win32-arm64/-/cli-win32-arm64-1.7.1.tgz",
			"integrity": "sha512-8hIDakEqZn0i6+388noYKdZ0ZrovTwnvMU/Qp/oJou0G7EPVdXupOe0oxiQSdRN0W7f6CS/yjPCYuVGzDG6r0g==",
			"cpu": [
				"arm64"
			],
			"dev": true,
			"optional": true,
			"os": [
				"win32"
			],
			"engines": {
				"node": ">=14.21.3"
			}
		},
		"node_modules/@biomejs/cli-win32-x64": {
			"version": "1.7.1",
			"resolved": "https://registry.npmjs.org/@biomejs/cli-win32-x64/-/cli-win32-x64-1.7.1.tgz",
			"integrity": "sha512-3W9k3uH6Ea6VOpAS9xkkAlS0LTfnGQjmIUCegZ8SDtK2NgJ1gO+qdEkGJb0ltahusFTN1QxJ107dM7ASA9IUEg==",
			"cpu": [
				"x64"
			],
			"dev": true,
			"optional": true,
			"os": [
				"win32"
			],
			"engines": {
				"node": ">=14.21.3"
			}
		},
		"node_modules/@codemirror/state": {
			"version": "6.4.1",
			"resolved": "https://registry.npmjs.org/@codemirror/state/-/state-6.4.1.tgz",
			"integrity": "sha512-QkEyUiLhsJoZkbumGZlswmAhA7CBU02Wrz7zvH4SrcifbsqwlXShVXg65f3v/ts57W3dqyamEriMhij1Z3Zz4A==",
			"dev": true,
			"peer": true
		},
		"node_modules/@codemirror/view": {
			"version": "6.26.3",
			"resolved": "https://registry.npmjs.org/@codemirror/view/-/view-6.26.3.tgz",
			"integrity": "sha512-gmqxkPALZjkgSxIeeweY/wGQXBfwTUaLs8h7OKtSwfbj9Ct3L11lD+u1sS7XHppxFQoMDiMDp07P9f3I2jWOHw==",
			"dev": true,
			"peer": true,
			"dependencies": {
				"@codemirror/state": "^6.4.0",
				"style-mod": "^4.1.0",
				"w3c-keyname": "^2.2.4"
			}
		},
		"node_modules/@esbuild/aix-ppc64": {
			"version": "0.20.2",
			"resolved": "https://registry.npmjs.org/@esbuild/aix-ppc64/-/aix-ppc64-0.20.2.tgz",
			"integrity": "sha512-D+EBOJHXdNZcLJRBkhENNG8Wji2kgc9AZ9KiPr1JuZjsNtyHzrsfLRrY0tk2H2aoFu6RANO1y1iPPUCDYWkb5g==",
			"cpu": [
				"ppc64"
			],
			"dev": true,
			"optional": true,
			"os": [
				"aix"
			],
			"engines": {
				"node": ">=12"
			}
		},
		"node_modules/@esbuild/android-arm": {
			"version": "0.20.2",
			"resolved": "https://registry.npmjs.org/@esbuild/android-arm/-/android-arm-0.20.2.tgz",
			"integrity": "sha512-t98Ra6pw2VaDhqNWO2Oph2LXbz/EJcnLmKLGBJwEwXX/JAN83Fym1rU8l0JUWK6HkIbWONCSSatf4sf2NBRx/w==",
			"cpu": [
				"arm"
			],
			"dev": true,
			"optional": true,
			"os": [
				"android"
			],
			"engines": {
				"node": ">=12"
			}
		},
		"node_modules/@esbuild/android-arm64": {
			"version": "0.20.2",
			"resolved": "https://registry.npmjs.org/@esbuild/android-arm64/-/android-arm64-0.20.2.tgz",
			"integrity": "sha512-mRzjLacRtl/tWU0SvD8lUEwb61yP9cqQo6noDZP/O8VkwafSYwZ4yWy24kan8jE/IMERpYncRt2dw438LP3Xmg==",
			"cpu": [
				"arm64"
			],
			"dev": true,
			"optional": true,
			"os": [
				"android"
			],
			"engines": {
				"node": ">=12"
			}
		},
		"node_modules/@esbuild/android-x64": {
			"version": "0.20.2",
			"resolved": "https://registry.npmjs.org/@esbuild/android-x64/-/android-x64-0.20.2.tgz",
			"integrity": "sha512-btzExgV+/lMGDDa194CcUQm53ncxzeBrWJcncOBxuC6ndBkKxnHdFJn86mCIgTELsooUmwUm9FkhSp5HYu00Rg==",
			"cpu": [
				"x64"
			],
			"dev": true,
			"optional": true,
			"os": [
				"android"
			],
			"engines": {
				"node": ">=12"
			}
		},
		"node_modules/@esbuild/darwin-arm64": {
			"version": "0.20.2",
			"resolved": "https://registry.npmjs.org/@esbuild/darwin-arm64/-/darwin-arm64-0.20.2.tgz",
			"integrity": "sha512-4J6IRT+10J3aJH3l1yzEg9y3wkTDgDk7TSDFX+wKFiWjqWp/iCfLIYzGyasx9l0SAFPT1HwSCR+0w/h1ES/MjA==",
			"cpu": [
				"arm64"
			],
			"dev": true,
			"optional": true,
			"os": [
				"darwin"
			],
			"engines": {
				"node": ">=12"
			}
		},
		"node_modules/@esbuild/darwin-x64": {
			"version": "0.20.2",
			"resolved": "https://registry.npmjs.org/@esbuild/darwin-x64/-/darwin-x64-0.20.2.tgz",
			"integrity": "sha512-tBcXp9KNphnNH0dfhv8KYkZhjc+H3XBkF5DKtswJblV7KlT9EI2+jeA8DgBjp908WEuYll6pF+UStUCfEpdysA==",
			"cpu": [
				"x64"
			],
			"dev": true,
			"optional": true,
			"os": [
				"darwin"
			],
			"engines": {
				"node": ">=12"
			}
		},
		"node_modules/@esbuild/freebsd-arm64": {
			"version": "0.20.2",
			"resolved": "https://registry.npmjs.org/@esbuild/freebsd-arm64/-/freebsd-arm64-0.20.2.tgz",
			"integrity": "sha512-d3qI41G4SuLiCGCFGUrKsSeTXyWG6yem1KcGZVS+3FYlYhtNoNgYrWcvkOoaqMhwXSMrZRl69ArHsGJ9mYdbbw==",
			"cpu": [
				"arm64"
			],
			"dev": true,
			"optional": true,
			"os": [
				"freebsd"
			],
			"engines": {
				"node": ">=12"
			}
		},
		"node_modules/@esbuild/freebsd-x64": {
			"version": "0.20.2",
			"resolved": "https://registry.npmjs.org/@esbuild/freebsd-x64/-/freebsd-x64-0.20.2.tgz",
			"integrity": "sha512-d+DipyvHRuqEeM5zDivKV1KuXn9WeRX6vqSqIDgwIfPQtwMP4jaDsQsDncjTDDsExT4lR/91OLjRo8bmC1e+Cw==",
			"cpu": [
				"x64"
			],
			"dev": true,
			"optional": true,
			"os": [
				"freebsd"
			],
			"engines": {
				"node": ">=12"
			}
		},
		"node_modules/@esbuild/linux-arm": {
			"version": "0.20.2",
			"resolved": "https://registry.npmjs.org/@esbuild/linux-arm/-/linux-arm-0.20.2.tgz",
			"integrity": "sha512-VhLPeR8HTMPccbuWWcEUD1Az68TqaTYyj6nfE4QByZIQEQVWBB8vup8PpR7y1QHL3CpcF6xd5WVBU/+SBEvGTg==",
			"cpu": [
				"arm"
			],
			"dev": true,
			"optional": true,
			"os": [
				"linux"
			],
			"engines": {
				"node": ">=12"
			}
		},
		"node_modules/@esbuild/linux-arm64": {
			"version": "0.20.2",
			"resolved": "https://registry.npmjs.org/@esbuild/linux-arm64/-/linux-arm64-0.20.2.tgz",
			"integrity": "sha512-9pb6rBjGvTFNira2FLIWqDk/uaf42sSyLE8j1rnUpuzsODBq7FvpwHYZxQ/It/8b+QOS1RYfqgGFNLRI+qlq2A==",
			"cpu": [
				"arm64"
			],
			"dev": true,
			"optional": true,
			"os": [
				"linux"
			],
			"engines": {
				"node": ">=12"
			}
		},
		"node_modules/@esbuild/linux-ia32": {
			"version": "0.20.2",
			"resolved": "https://registry.npmjs.org/@esbuild/linux-ia32/-/linux-ia32-0.20.2.tgz",
			"integrity": "sha512-o10utieEkNPFDZFQm9CoP7Tvb33UutoJqg3qKf1PWVeeJhJw0Q347PxMvBgVVFgouYLGIhFYG0UGdBumROyiig==",
			"cpu": [
				"ia32"
			],
			"dev": true,
			"optional": true,
			"os": [
				"linux"
			],
			"engines": {
				"node": ">=12"
			}
		},
		"node_modules/@esbuild/linux-loong64": {
			"version": "0.20.2",
			"resolved": "https://registry.npmjs.org/@esbuild/linux-loong64/-/linux-loong64-0.20.2.tgz",
			"integrity": "sha512-PR7sp6R/UC4CFVomVINKJ80pMFlfDfMQMYynX7t1tNTeivQ6XdX5r2XovMmha/VjR1YN/HgHWsVcTRIMkymrgQ==",
			"cpu": [
				"loong64"
			],
			"dev": true,
			"optional": true,
			"os": [
				"linux"
			],
			"engines": {
				"node": ">=12"
			}
		},
		"node_modules/@esbuild/linux-mips64el": {
			"version": "0.20.2",
			"resolved": "https://registry.npmjs.org/@esbuild/linux-mips64el/-/linux-mips64el-0.20.2.tgz",
			"integrity": "sha512-4BlTqeutE/KnOiTG5Y6Sb/Hw6hsBOZapOVF6njAESHInhlQAghVVZL1ZpIctBOoTFbQyGW+LsVYZ8lSSB3wkjA==",
			"cpu": [
				"mips64el"
			],
			"dev": true,
			"optional": true,
			"os": [
				"linux"
			],
			"engines": {
				"node": ">=12"
			}
		},
		"node_modules/@esbuild/linux-ppc64": {
			"version": "0.20.2",
			"resolved": "https://registry.npmjs.org/@esbuild/linux-ppc64/-/linux-ppc64-0.20.2.tgz",
			"integrity": "sha512-rD3KsaDprDcfajSKdn25ooz5J5/fWBylaaXkuotBDGnMnDP1Uv5DLAN/45qfnf3JDYyJv/ytGHQaziHUdyzaAg==",
			"cpu": [
				"ppc64"
			],
			"dev": true,
			"optional": true,
			"os": [
				"linux"
			],
			"engines": {
				"node": ">=12"
			}
		},
		"node_modules/@esbuild/linux-riscv64": {
			"version": "0.20.2",
			"resolved": "https://registry.npmjs.org/@esbuild/linux-riscv64/-/linux-riscv64-0.20.2.tgz",
			"integrity": "sha512-snwmBKacKmwTMmhLlz/3aH1Q9T8v45bKYGE3j26TsaOVtjIag4wLfWSiZykXzXuE1kbCE+zJRmwp+ZbIHinnVg==",
			"cpu": [
				"riscv64"
			],
			"dev": true,
			"optional": true,
			"os": [
				"linux"
			],
			"engines": {
				"node": ">=12"
			}
		},
		"node_modules/@esbuild/linux-s390x": {
			"version": "0.20.2",
			"resolved": "https://registry.npmjs.org/@esbuild/linux-s390x/-/linux-s390x-0.20.2.tgz",
			"integrity": "sha512-wcWISOobRWNm3cezm5HOZcYz1sKoHLd8VL1dl309DiixxVFoFe/o8HnwuIwn6sXre88Nwj+VwZUvJf4AFxkyrQ==",
			"cpu": [
				"s390x"
			],
			"dev": true,
			"optional": true,
			"os": [
				"linux"
			],
			"engines": {
				"node": ">=12"
			}
		},
		"node_modules/@esbuild/linux-x64": {
			"version": "0.20.2",
			"resolved": "https://registry.npmjs.org/@esbuild/linux-x64/-/linux-x64-0.20.2.tgz",
			"integrity": "sha512-1MdwI6OOTsfQfek8sLwgyjOXAu+wKhLEoaOLTjbijk6E2WONYpH9ZU2mNtR+lZ2B4uwr+usqGuVfFT9tMtGvGw==",
			"cpu": [
				"x64"
			],
			"dev": true,
			"optional": true,
			"os": [
				"linux"
			],
			"engines": {
				"node": ">=12"
			}
		},
		"node_modules/@esbuild/netbsd-x64": {
			"version": "0.20.2",
			"resolved": "https://registry.npmjs.org/@esbuild/netbsd-x64/-/netbsd-x64-0.20.2.tgz",
			"integrity": "sha512-K8/DhBxcVQkzYc43yJXDSyjlFeHQJBiowJ0uVL6Tor3jGQfSGHNNJcWxNbOI8v5k82prYqzPuwkzHt3J1T1iZQ==",
			"cpu": [
				"x64"
			],
			"dev": true,
			"optional": true,
			"os": [
				"netbsd"
			],
			"engines": {
				"node": ">=12"
			}
		},
		"node_modules/@esbuild/openbsd-x64": {
			"version": "0.20.2",
			"resolved": "https://registry.npmjs.org/@esbuild/openbsd-x64/-/openbsd-x64-0.20.2.tgz",
			"integrity": "sha512-eMpKlV0SThJmmJgiVyN9jTPJ2VBPquf6Kt/nAoo6DgHAoN57K15ZghiHaMvqjCye/uU4X5u3YSMgVBI1h3vKrQ==",
			"cpu": [
				"x64"
			],
			"dev": true,
			"optional": true,
			"os": [
				"openbsd"
			],
			"engines": {
				"node": ">=12"
			}
		},
		"node_modules/@esbuild/sunos-x64": {
			"version": "0.20.2",
			"resolved": "https://registry.npmjs.org/@esbuild/sunos-x64/-/sunos-x64-0.20.2.tgz",
			"integrity": "sha512-2UyFtRC6cXLyejf/YEld4Hajo7UHILetzE1vsRcGL3earZEW77JxrFjH4Ez2qaTiEfMgAXxfAZCm1fvM/G/o8w==",
			"cpu": [
				"x64"
			],
			"dev": true,
			"optional": true,
			"os": [
				"sunos"
			],
			"engines": {
				"node": ">=12"
			}
		},
		"node_modules/@esbuild/win32-arm64": {
			"version": "0.20.2",
			"resolved": "https://registry.npmjs.org/@esbuild/win32-arm64/-/win32-arm64-0.20.2.tgz",
			"integrity": "sha512-GRibxoawM9ZCnDxnP3usoUDO9vUkpAxIIZ6GQI+IlVmr5kP3zUq+l17xELTHMWTWzjxa2guPNyrpq1GWmPvcGQ==",
			"cpu": [
				"arm64"
			],
			"dev": true,
			"optional": true,
			"os": [
				"win32"
			],
			"engines": {
				"node": ">=12"
			}
		},
		"node_modules/@esbuild/win32-ia32": {
			"version": "0.20.2",
			"resolved": "https://registry.npmjs.org/@esbuild/win32-ia32/-/win32-ia32-0.20.2.tgz",
			"integrity": "sha512-HfLOfn9YWmkSKRQqovpnITazdtquEW8/SoHW7pWpuEeguaZI4QnCRW6b+oZTztdBnZOS2hqJ6im/D5cPzBTTlQ==",
			"cpu": [
				"ia32"
			],
			"dev": true,
			"optional": true,
			"os": [
				"win32"
			],
			"engines": {
				"node": ">=12"
			}
		},
		"node_modules/@esbuild/win32-x64": {
			"version": "0.20.2",
			"resolved": "https://registry.npmjs.org/@esbuild/win32-x64/-/win32-x64-0.20.2.tgz",
			"integrity": "sha512-N49X4lJX27+l9jbLKSqZ6bKNjzQvHaT8IIFUy+YIqmXQdjYCToGWwOItDrfby14c78aDd5NHQl29xingXfCdLQ==",
			"cpu": [
				"x64"
			],
			"dev": true,
			"optional": true,
			"os": [
				"win32"
			],
			"engines": {
				"node": ">=12"
			}
		},
		"node_modules/@isaacs/cliui": {
			"version": "8.0.2",
			"resolved": "https://registry.npmjs.org/@isaacs/cliui/-/cliui-8.0.2.tgz",
			"integrity": "sha512-O8jcjabXaleOG9DQ0+ARXWZBTfnP4WNAqzuiJK7ll44AmxGKv/J2M4TPjxjY3znBCfvBXFzucm1twdyFybFqEA==",
			"dev": true,
			"dependencies": {
				"string-width": "^5.1.2",
				"string-width-cjs": "npm:string-width@^4.2.0",
				"strip-ansi": "^7.0.1",
				"strip-ansi-cjs": "npm:strip-ansi@^6.0.1",
				"wrap-ansi": "^8.1.0",
				"wrap-ansi-cjs": "npm:wrap-ansi@^7.0.0"
			},
			"engines": {
				"node": ">=12"
			}
		},
		"node_modules/@pkgjs/parseargs": {
			"version": "0.11.0",
			"resolved": "https://registry.npmjs.org/@pkgjs/parseargs/-/parseargs-0.11.0.tgz",
			"integrity": "sha512-+1VkjdD0QBLPodGrJUeqarH8VAIvQODIbwh9XpP5Syisf7YoQgsJKPNFoqqLQlu+VQ/tVSshMR6loPMn8U+dPg==",
			"dev": true,
			"optional": true,
			"engines": {
				"node": ">=14"
			}
		},
		"node_modules/@types/codemirror": {
			"version": "5.60.8",
			"resolved": "https://registry.npmjs.org/@types/codemirror/-/codemirror-5.60.8.tgz",
			"integrity": "sha512-VjFgDF/eB+Aklcy15TtOTLQeMjTo07k7KAjql8OK5Dirr7a6sJY4T1uVBDuTVG9VEmn1uUsohOpYnVfgC6/jyw==",
			"dev": true,
			"dependencies": {
				"@types/tern": "*"
			}
		},
		"node_modules/@types/estree": {
			"version": "1.0.5",
			"resolved": "https://registry.npmjs.org/@types/estree/-/estree-1.0.5.tgz",
			"integrity": "sha512-/kYRxGDLWzHOB7q+wtSUQlFrtcdUccpfy+X+9iMBpHK8QLLhx2wIPYuS5DYtR9Wa/YlZAbIovy7qVdB1Aq6Lyw==",
			"dev": true
		},
		"node_modules/@types/node": {
			"version": "20.12.7",
			"resolved": "https://registry.npmjs.org/@types/node/-/node-20.12.7.tgz",
			"integrity": "sha512-wq0cICSkRLVaf3UGLMGItu/PtdY7oaXaI/RVU+xliKVOtRna3PRY57ZDfztpDL0n11vfymMUnXv8QwYCO7L1wg==",
			"dev": true,
			"dependencies": {
				"undici-types": "~5.26.4"
			}
		},
		"node_modules/@types/tern": {
			"version": "0.23.9",
			"resolved": "https://registry.npmjs.org/@types/tern/-/tern-0.23.9.tgz",
			"integrity": "sha512-ypzHFE/wBzh+BlH6rrBgS5I/Z7RD21pGhZ2rltb/+ZrVM1awdZwjx7hE5XfuYgHWk9uvV5HLZN3SloevCAp3Bw==",
			"dev": true,
			"dependencies": {
				"@types/estree": "*"
			}
		},
		"node_modules/ansi-regex": {
			"version": "6.0.1",
			"resolved": "https://registry.npmjs.org/ansi-regex/-/ansi-regex-6.0.1.tgz",
			"integrity": "sha512-n5M855fKb2SsfMIiFFoVrABHJC8QtHwVx+mHWP3QcEqBHYienj5dHSgjbxtC0WEZXYt4wcD6zrQElDPhFuZgfA==",
			"dev": true,
			"engines": {
				"node": ">=12"
			},
			"funding": {
				"url": "https://github.com/chalk/ansi-regex?sponsor=1"
			}
		},
		"node_modules/ansi-styles": {
			"version": "6.2.1",
			"resolved": "https://registry.npmjs.org/ansi-styles/-/ansi-styles-6.2.1.tgz",
			"integrity": "sha512-bN798gFfQX+viw3R7yrGWRqnrN2oRkEkUjjl4JNn4E8GxxbjtG3FbrEIIY3l8/hrwUwIeCZvi4QuOTP4MErVug==",
			"dev": true,
			"engines": {
				"node": ">=12"
			},
			"funding": {
				"url": "https://github.com/chalk/ansi-styles?sponsor=1"
			}
		},
		"node_modules/argparse": {
			"version": "2.0.1",
			"resolved": "https://registry.npmjs.org/argparse/-/argparse-2.0.1.tgz",
			"integrity": "sha512-8+9WqebbFzpX9OR+Wa6O29asIogeRMzcGtAINdpMHHyAg10f05aSFVBbcEqGf/PXw1EjAZ+q2/bEBg3DvurK3Q==",
			"dev": true
		},
		"node_modules/balanced-match": {
			"version": "1.0.2",
			"resolved": "https://registry.npmjs.org/balanced-match/-/balanced-match-1.0.2.tgz",
			"integrity": "sha512-3oSeUO0TMV67hN1AmbXsK4yaqU7tjiHlbxRDZOpH0KW9+CeX4bRAaX0Anxt0tx2MrpRpWwQaPwIlISEJhYU5Pw==",
			"dev": true
		},
		"node_modules/brace-expansion": {
			"version": "2.0.1",
			"resolved": "https://registry.npmjs.org/brace-expansion/-/brace-expansion-2.0.1.tgz",
			"integrity": "sha512-XnAIvQ8eM+kC6aULx6wuQiwVsnzsi9d3WxzV3FpWTGA19F621kwdbsAcFKXgKUHZWsy+mY6iL1sHTxWEFCytDA==",
			"dev": true,
			"dependencies": {
				"balanced-match": "^1.0.0"
			}
		},
		"node_modules/builtin-modules": {
			"version": "3.3.0",
			"resolved": "https://registry.npmjs.org/builtin-modules/-/builtin-modules-3.3.0.tgz",
			"integrity": "sha512-zhaCDicdLuWN5UbN5IMnFqNMhNfo919sH85y2/ea+5Yg9TsTkeZxpL+JLbp6cgYFS4sRLp3YV4S6yDuqVWHYOw==",
			"dev": true,
			"engines": {
				"node": ">=6"
			},
			"funding": {
				"url": "https://github.com/sponsors/sindresorhus"
			}
		},
		"node_modules/color-convert": {
			"version": "2.0.1",
			"resolved": "https://registry.npmjs.org/color-convert/-/color-convert-2.0.1.tgz",
			"integrity": "sha512-RRECPsj7iu/xb5oKYcsFHSppFNnsj/52OVTRKb4zP5onXwVF3zVmmToNcOfGC+CRDpfK/U584fMg38ZHCaElKQ==",
			"dev": true,
			"dependencies": {
				"color-name": "~1.1.4"
			},
			"engines": {
				"node": ">=7.0.0"
			}
		},
		"node_modules/color-name": {
			"version": "1.1.4",
			"resolved": "https://registry.npmjs.org/color-name/-/color-name-1.1.4.tgz",
			"integrity": "sha512-dOy+3AuW3a2wNbZHIuMZpTcgjGuLU/uBL/ubcZF9OXbDo8ff4O8yVp5Bf0efS8uEoYo5q4Fx7dY9OgQGXgAsQA==",
			"dev": true
		},
		"node_modules/commander": {
			"version": "11.1.0",
			"resolved": "https://registry.npmjs.org/commander/-/commander-11.1.0.tgz",
			"integrity": "sha512-yPVavfyCcRhmorC7rWlkHn15b4wDVgVmBA7kV4QVBsF7kv/9TKJAbAXVTxvTnwP8HHKjRCJDClKbciiYS7p0DQ==",
			"dev": true,
			"engines": {
				"node": ">=16"
			}
		},
		"node_modules/cross-spawn": {
			"version": "7.0.3",
			"resolved": "https://registry.npmjs.org/cross-spawn/-/cross-spawn-7.0.3.tgz",
			"integrity": "sha512-iRDPJKUPVEND7dHPO8rkbOnPpyDygcDFtWjpeWNCgy8WP2rXcxXL8TskReQl6OrB2G7+UJrags1q15Fudc7G6w==",
			"dev": true,
			"dependencies": {
				"path-key": "^3.1.0",
				"shebang-command": "^2.0.0",
				"which": "^2.0.1"
			},
			"engines": {
				"node": ">= 8"
			}
		},
		"node_modules/deep-extend": {
			"version": "0.6.0",
			"resolved": "https://registry.npmjs.org/deep-extend/-/deep-extend-0.6.0.tgz",
			"integrity": "sha512-LOHxIOaPYdHlJRtCQfDIVZtfw/ufM8+rVj649RIHzcm/vGwQRXFt6OPqIFWsm2XEMrNIEtWR64sY1LEKD2vAOA==",
			"dev": true,
			"engines": {
				"node": ">=4.0.0"
			}
		},
		"node_modules/eastasianwidth": {
			"version": "0.2.0",
			"resolved": "https://registry.npmjs.org/eastasianwidth/-/eastasianwidth-0.2.0.tgz",
			"integrity": "sha512-I88TYZWc9XiYHRQ4/3c5rjjfgkjhLyW2luGIheGERbNQ6OY7yTybanSpDXZa8y7VUP9YmDcYa+eyq4ca7iLqWA==",
			"dev": true
		},
		"node_modules/emoji-regex": {
			"version": "9.2.2",
			"resolved": "https://registry.npmjs.org/emoji-regex/-/emoji-regex-9.2.2.tgz",
			"integrity": "sha512-L18DaJsXSUk2+42pv8mLs5jJT2hqFkFE4j21wOmgbUqsZ2hL72NsUU785g9RXgo3s0ZNgVl42TiHp3ZtOv/Vyg==",
			"dev": true
		},
		"node_modules/entities": {
			"version": "4.5.0",
			"resolved": "https://registry.npmjs.org/entities/-/entities-4.5.0.tgz",
			"integrity": "sha512-V0hjH4dGPh9Ao5p0MoRY6BVqtwCjhz6vI5LT8AJ55H+4g9/4vbHx1I54fS0XuclLhDHArPQCiMjDxjaL8fPxhw==",
			"dev": true,
			"engines": {
				"node": ">=0.12"
			},
			"funding": {
				"url": "https://github.com/fb55/entities?sponsor=1"
			}
		},
		"node_modules/esbuild": {
			"version": "0.20.2",
			"resolved": "https://registry.npmjs.org/esbuild/-/esbuild-0.20.2.tgz",
			"integrity": "sha512-WdOOppmUNU+IbZ0PaDiTst80zjnrOkyJNHoKupIcVyU8Lvla3Ugx94VzkQ32Ijqd7UhHJy75gNWDMUekcrSJ6g==",
			"dev": true,
			"hasInstallScript": true,
			"bin": {
				"esbuild": "bin/esbuild"
			},
			"engines": {
				"node": ">=12"
			},
			"optionalDependencies": {
				"@esbuild/aix-ppc64": "0.20.2",
				"@esbuild/android-arm": "0.20.2",
				"@esbuild/android-arm64": "0.20.2",
				"@esbuild/android-x64": "0.20.2",
				"@esbuild/darwin-arm64": "0.20.2",
				"@esbuild/darwin-x64": "0.20.2",
				"@esbuild/freebsd-arm64": "0.20.2",
				"@esbuild/freebsd-x64": "0.20.2",
				"@esbuild/linux-arm": "0.20.2",
				"@esbuild/linux-arm64": "0.20.2",
				"@esbuild/linux-ia32": "0.20.2",
				"@esbuild/linux-loong64": "0.20.2",
				"@esbuild/linux-mips64el": "0.20.2",
				"@esbuild/linux-ppc64": "0.20.2",
				"@esbuild/linux-riscv64": "0.20.2",
				"@esbuild/linux-s390x": "0.20.2",
				"@esbuild/linux-x64": "0.20.2",
				"@esbuild/netbsd-x64": "0.20.2",
				"@esbuild/openbsd-x64": "0.20.2",
				"@esbuild/sunos-x64": "0.20.2",
				"@esbuild/win32-arm64": "0.20.2",
				"@esbuild/win32-ia32": "0.20.2",
				"@esbuild/win32-x64": "0.20.2"
			}
		},
		"node_modules/foreground-child": {
			"version": "3.1.1",
			"resolved": "https://registry.npmjs.org/foreground-child/-/foreground-child-3.1.1.tgz",
			"integrity": "sha512-TMKDUnIte6bfb5nWv7V/caI169OHgvwjb7V4WkeUvbQQdjr5rWKqHFiKWb/fcOwB+CzBT+qbWjvj+DVwRskpIg==",
			"dev": true,
			"dependencies": {
				"cross-spawn": "^7.0.0",
				"signal-exit": "^4.0.1"
			},
			"engines": {
				"node": ">=14"
			},
			"funding": {
				"url": "https://github.com/sponsors/isaacs"
			}
		},
		"node_modules/get-stdin": {
			"version": "9.0.0",
			"resolved": "https://registry.npmjs.org/get-stdin/-/get-stdin-9.0.0.tgz",
			"integrity": "sha512-dVKBjfWisLAicarI2Sf+JuBE/DghV4UzNAVe9yhEJuzeREd3JhOTE9cUaJTeSa77fsbQUK3pcOpJfM59+VKZaA==",
			"dev": true,
			"engines": {
				"node": ">=12"
			},
			"funding": {
				"url": "https://github.com/sponsors/sindresorhus"
			}
		},
		"node_modules/glob": {
			"version": "10.3.12",
			"resolved": "https://registry.npmjs.org/glob/-/glob-10.3.12.tgz",
			"integrity": "sha512-TCNv8vJ+xz4QiqTpfOJA7HvYv+tNIRHKfUWw/q+v2jdgN4ebz+KY9tGx5J4rHP0o84mNP+ApH66HRX8us3Khqg==",
			"dev": true,
			"dependencies": {
				"foreground-child": "^3.1.0",
				"jackspeak": "^2.3.6",
				"minimatch": "^9.0.1",
				"minipass": "^7.0.4",
				"path-scurry": "^1.10.2"
			},
			"bin": {
				"glob": "dist/esm/bin.mjs"
			},
			"engines": {
				"node": ">=16 || 14 >=14.17"
			},
			"funding": {
				"url": "https://github.com/sponsors/isaacs"
			}
		},
		"node_modules/ignore": {
			"version": "5.3.1",
			"resolved": "https://registry.npmjs.org/ignore/-/ignore-5.3.1.tgz",
			"integrity": "sha512-5Fytz/IraMjqpwfd34ke28PTVMjZjJG2MPn5t7OE4eUCUNf8BAa7b5WUS9/Qvr6mwOQS7Mk6vdsMno5he+T8Xw==",
			"dev": true,
			"engines": {
				"node": ">= 4"
			}
		},
		"node_modules/ini": {
			"version": "4.1.2",
			"resolved": "https://registry.npmjs.org/ini/-/ini-4.1.2.tgz",
			"integrity": "sha512-AMB1mvwR1pyBFY/nSevUX6y8nJWS63/SzUKD3JyQn97s4xgIdgQPT75IRouIiBAN4yLQBUShNYVW0+UG25daCw==",
			"dev": true,
			"engines": {
				"node": "^14.17.0 || ^16.13.0 || >=18.0.0"
			}
		},
		"node_modules/is-fullwidth-code-point": {
			"version": "3.0.0",
			"resolved": "https://registry.npmjs.org/is-fullwidth-code-point/-/is-fullwidth-code-point-3.0.0.tgz",
			"integrity": "sha512-zymm5+u+sCsSWyD9qNaejV3DFvhCKclKdizYaJUuHA83RLjb7nSuGnddCHGv0hk+KY7BMAlsWeK4Ueg6EV6XQg==",
			"dev": true,
			"engines": {
				"node": ">=8"
			}
		},
		"node_modules/isexe": {
			"version": "2.0.0",
			"resolved": "https://registry.npmjs.org/isexe/-/isexe-2.0.0.tgz",
			"integrity": "sha512-RHxMLp9lnKHGHRng9QFhRCMbYAcVpn69smSGcq3f36xjgVVWThj4qqLbTLlq7Ssj8B+fIQ1EuCEGI2lKsyQeIw==",
			"dev": true
		},
		"node_modules/jackspeak": {
			"version": "2.3.6",
			"resolved": "https://registry.npmjs.org/jackspeak/-/jackspeak-2.3.6.tgz",
			"integrity": "sha512-N3yCS/NegsOBokc8GAdM8UcmfsKiSS8cipheD/nivzr700H+nsMOxJjQnvwOcRYVuFkdH0wGUvW2WbXGmrZGbQ==",
			"dev": true,
			"dependencies": {
				"@isaacs/cliui": "^8.0.2"
			},
			"engines": {
				"node": ">=14"
			},
			"funding": {
				"url": "https://github.com/sponsors/isaacs"
			},
			"optionalDependencies": {
				"@pkgjs/parseargs": "^0.11.0"
			}
		},
		"node_modules/js-yaml": {
			"version": "4.1.0",
			"resolved": "https://registry.npmjs.org/js-yaml/-/js-yaml-4.1.0.tgz",
			"integrity": "sha512-wpxZs9NoxZaJESJGIZTyDEaYpl0FKSA+FB9aJiyemKhMwkxQg63h4T1KJgUGHpTqPDNRcmmYLugrRjJlBtWvRA==",
			"dev": true,
			"dependencies": {
				"argparse": "^2.0.1"
			},
			"bin": {
				"js-yaml": "bin/js-yaml.js"
			}
		},
		"node_modules/jsonc-parser": {
			"version": "3.2.1",
			"resolved": "https://registry.npmjs.org/jsonc-parser/-/jsonc-parser-3.2.1.tgz",
			"integrity": "sha512-AilxAyFOAcK5wA1+LeaySVBrHsGQvUFCDWXKpZjzaL0PqW+xfBOttn8GNtWKFWqneyMZj41MWF9Kl6iPWLwgOA==",
			"dev": true
		},
		"node_modules/linkify-it": {
			"version": "5.0.0",
			"resolved": "https://registry.npmjs.org/linkify-it/-/linkify-it-5.0.0.tgz",
			"integrity": "sha512-5aHCbzQRADcdP+ATqnDuhhJ/MRIqDkZX5pyjFHRRysS8vZ5AbqGEoFIb6pYHPZ+L/OC2Lc+xT8uHVVR5CAK/wQ==",
			"dev": true,
			"dependencies": {
				"uc.micro": "^2.0.0"
			}
		},
		"node_modules/lru-cache": {
			"version": "10.2.0",
			"resolved": "https://registry.npmjs.org/lru-cache/-/lru-cache-10.2.0.tgz",
			"integrity": "sha512-2bIM8x+VAf6JT4bKAljS1qUWgMsqZRPGJS6FSahIMPVvctcNhyVp7AJu7quxOW9jwkryBReKZY5tY5JYv2n/7Q==",
			"dev": true,
			"engines": {
				"node": "14 || >=16.14"
			}
		},
		"node_modules/markdown-it": {
			"version": "14.0.0",
			"resolved": "https://registry.npmjs.org/markdown-it/-/markdown-it-14.0.0.tgz",
			"integrity": "sha512-seFjF0FIcPt4P9U39Bq1JYblX0KZCjDLFFQPHpL5AzHpqPEKtosxmdq/LTVZnjfH7tjt9BxStm+wXcDBNuYmzw==",
			"dev": true,
			"dependencies": {
				"argparse": "^2.0.1",
				"entities": "^4.4.0",
				"linkify-it": "^5.0.0",
				"mdurl": "^2.0.0",
				"punycode.js": "^2.3.1",
				"uc.micro": "^2.0.0"
			},
			"bin": {
				"markdown-it": "bin/markdown-it.mjs"
			}
		},
		"node_modules/markdownlint": {
			"version": "0.33.0",
			"resolved": "https://registry.npmjs.org/markdownlint/-/markdownlint-0.33.0.tgz",
			"integrity": "sha512-4lbtT14A3m0LPX1WS/3d1m7Blg+ZwiLq36WvjQqFGsX3Gik99NV+VXp/PW3n+Q62xyPdbvGOCfjPqjW+/SKMig==",
			"dev": true,
			"dependencies": {
				"markdown-it": "14.0.0",
				"markdownlint-micromark": "0.1.8"
			},
			"engines": {
				"node": ">=18"
			},
			"funding": {
				"url": "https://github.com/sponsors/DavidAnson"
			}
		},
		"node_modules/markdownlint-cli": {
			"version": "0.39.0",
			"resolved": "https://registry.npmjs.org/markdownlint-cli/-/markdownlint-cli-0.39.0.tgz",
			"integrity": "sha512-ZuFN7Xpsbn1Nbp0YYkeLOfXOMOfLQBik2lKRy8pVI/llmKQ2uW7x+8k5OMgF6o7XCsTDSYC/OOmeJ+3qplvnJQ==",
			"dev": true,
			"dependencies": {
				"commander": "~11.1.0",
				"get-stdin": "~9.0.0",
				"glob": "~10.3.10",
				"ignore": "~5.3.0",
				"js-yaml": "^4.1.0",
				"jsonc-parser": "~3.2.1",
				"markdownlint": "~0.33.0",
				"minimatch": "~9.0.3",
				"run-con": "~1.3.2"
			},
			"bin": {
				"markdownlint": "markdownlint.js"
			},
			"engines": {
				"node": ">=18"
			}
		},
		"node_modules/markdownlint-micromark": {
			"version": "0.1.8",
			"resolved": "https://registry.npmjs.org/markdownlint-micromark/-/markdownlint-micromark-0.1.8.tgz",
			"integrity": "sha512-1ouYkMRo9/6gou9gObuMDnvZM8jC/ly3QCFQyoSPCS2XV1ZClU0xpKbL1Ar3bWWRT1RnBZkWUEiNKrI2CwiBQA==",
			"dev": true,
			"engines": {
				"node": ">=16"
			},
			"funding": {
				"url": "https://github.com/sponsors/DavidAnson"
			}
		},
		"node_modules/mdurl": {
			"version": "2.0.0",
			"resolved": "https://registry.npmjs.org/mdurl/-/mdurl-2.0.0.tgz",
			"integrity": "sha512-Lf+9+2r+Tdp5wXDXC4PcIBjTDtq4UKjCPMQhKIuzpJNW0b96kVqSwW0bT7FhRSfmAiFYgP+SCRvdrDozfh0U5w==",
			"dev": true
		},
		"node_modules/minimatch": {
			"version": "9.0.4",
			"resolved": "https://registry.npmjs.org/minimatch/-/minimatch-9.0.4.tgz",
			"integrity": "sha512-KqWh+VchfxcMNRAJjj2tnsSJdNbHsVgnkBhTNrW7AjVo6OvLtxw8zfT9oLw1JSohlFzJ8jCoTgaoXvJ+kHt6fw==",
			"dev": true,
			"dependencies": {
				"brace-expansion": "^2.0.1"
			},
			"engines": {
				"node": ">=16 || 14 >=14.17"
			},
			"funding": {
				"url": "https://github.com/sponsors/isaacs"
			}
		},
		"node_modules/minimist": {
			"version": "1.2.8",
			"resolved": "https://registry.npmjs.org/minimist/-/minimist-1.2.8.tgz",
			"integrity": "sha512-2yyAR8qBkN3YuheJanUpWC5U3bb5osDywNB8RzDVlDwDHbocAJveqqj1u8+SVD7jkWT4yvsHCpWqqWqAxb0zCA==",
			"dev": true,
			"funding": {
				"url": "https://github.com/sponsors/ljharb"
			}
		},
		"node_modules/minipass": {
			"version": "7.0.4",
			"resolved": "https://registry.npmjs.org/minipass/-/minipass-7.0.4.tgz",
			"integrity": "sha512-jYofLM5Dam9279rdkWzqHozUo4ybjdZmCsDHePy5V/PbBcVMiSZR97gmAy45aqi8CK1lG2ECd356FU86avfwUQ==",
			"dev": true,
			"engines": {
				"node": ">=16 || 14 >=14.17"
			}
		},
		"node_modules/moment": {
			"version": "2.29.4",
			"resolved": "https://registry.npmjs.org/moment/-/moment-2.29.4.tgz",
			"integrity": "sha512-5LC9SOxjSc2HF6vO2CyuTDNivEdoz2IvyJJGj6X8DJ0eFyfszE0QiEd+iXmBvUP3WHxSjFH/vIsA0EN00cgr8w==",
			"dev": true,
			"engines": {
				"node": "*"
			}
		},
		"node_modules/obsidian": {
			"version": "1.5.7-1",
			"resolved": "https://registry.npmjs.org/obsidian/-/obsidian-1.5.7-1.tgz",
			"integrity": "sha512-T5ZRuQ1FnfXqEoakTTHVDYvzUEEoT8zSPnQCW31PVgYwG4D4tZCQfKHN2hTz1ifnCe8upvwa6mBTAP2WUA5Vng==",
			"dev": true,
			"dependencies": {
				"@types/codemirror": "5.60.8",
				"moment": "2.29.4"
			},
			"peerDependencies": {
				"@codemirror/state": "^6.0.0",
				"@codemirror/view": "^6.0.0"
			}
		},
		"node_modules/path-key": {
			"version": "3.1.1",
			"resolved": "https://registry.npmjs.org/path-key/-/path-key-3.1.1.tgz",
			"integrity": "sha512-ojmeN0qd+y0jszEtoY48r0Peq5dwMEkIlCOu6Q5f41lfkswXuKtYrhgoTpLnyIcHm24Uhqx+5Tqm2InSwLhE6Q==",
			"dev": true,
			"engines": {
				"node": ">=8"
			}
		},
		"node_modules/path-scurry": {
			"version": "1.10.2",
			"resolved": "https://registry.npmjs.org/path-scurry/-/path-scurry-1.10.2.tgz",
			"integrity": "sha512-7xTavNy5RQXnsjANvVvMkEjvloOinkAjv/Z6Ildz9v2RinZ4SBKTWFOVRbaF8p0vpHnyjV/UwNDdKuUv6M5qcA==",
			"dev": true,
			"dependencies": {
				"lru-cache": "^10.2.0",
				"minipass": "^5.0.0 || ^6.0.2 || ^7.0.0"
			},
			"engines": {
				"node": ">=16 || 14 >=14.17"
			},
			"funding": {
				"url": "https://github.com/sponsors/isaacs"
			}
		},
		"node_modules/punycode.js": {
			"version": "2.3.1",
			"resolved": "https://registry.npmjs.org/punycode.js/-/punycode.js-2.3.1.tgz",
			"integrity": "sha512-uxFIHU0YlHYhDQtV4R9J6a52SLx28BCjT+4ieh7IGbgwVJWO+km431c4yRlREUAsAmt/uMjQUyQHNEPf0M39CA==",
			"dev": true,
			"engines": {
				"node": ">=6"
			}
		},
		"node_modules/run-con": {
			"version": "1.3.2",
			"resolved": "https://registry.npmjs.org/run-con/-/run-con-1.3.2.tgz",
			"integrity": "sha512-CcfE+mYiTcKEzg0IqS08+efdnH0oJ3zV0wSUFBNrMHMuxCtXvBCLzCJHatwuXDcu/RlhjTziTo/a1ruQik6/Yg==",
			"dev": true,
			"dependencies": {
				"deep-extend": "^0.6.0",
				"ini": "~4.1.0",
				"minimist": "^1.2.8",
				"strip-json-comments": "~3.1.1"
			},
			"bin": {
				"run-con": "cli.js"
			}
		},
		"node_modules/shebang-command": {
			"version": "2.0.0",
			"resolved": "https://registry.npmjs.org/shebang-command/-/shebang-command-2.0.0.tgz",
			"integrity": "sha512-kHxr2zZpYtdmrN1qDjrrX/Z1rR1kG8Dx+gkpK1G4eXmvXswmcE1hTWBWYUzlraYw1/yZp6YuDY77YtvbN0dmDA==",
			"dev": true,
			"dependencies": {
				"shebang-regex": "^3.0.0"
			},
			"engines": {
				"node": ">=8"
			}
		},
		"node_modules/shebang-regex": {
			"version": "3.0.0",
			"resolved": "https://registry.npmjs.org/shebang-regex/-/shebang-regex-3.0.0.tgz",
			"integrity": "sha512-7++dFhtcx3353uBaq8DDR4NuxBetBzC7ZQOhmTQInHEd6bSrXdiEyzCvG07Z44UYdLShWUyXt5M/yhz8ekcb1A==",
			"dev": true,
			"engines": {
				"node": ">=8"
			}
		},
		"node_modules/signal-exit": {
			"version": "4.1.0",
			"resolved": "https://registry.npmjs.org/signal-exit/-/signal-exit-4.1.0.tgz",
			"integrity": "sha512-bzyZ1e88w9O1iNJbKnOlvYTrWPDl46O1bG0D3XInv+9tkPrxrN8jUUTiFlDkkmKWgn1M6CfIA13SuGqOa9Korw==",
			"dev": true,
			"engines": {
				"node": ">=14"
			},
			"funding": {
				"url": "https://github.com/sponsors/isaacs"
			}
		},
		"node_modules/string-width": {
			"version": "5.1.2",
			"resolved": "https://registry.npmjs.org/string-width/-/string-width-5.1.2.tgz",
			"integrity": "sha512-HnLOCR3vjcY8beoNLtcjZ5/nxn2afmME6lhrDrebokqMap+XbeW8n9TXpPDOqdGK5qcI3oT0GKTW6wC7EMiVqA==",
			"dev": true,
			"dependencies": {
				"eastasianwidth": "^0.2.0",
				"emoji-regex": "^9.2.2",
				"strip-ansi": "^7.0.1"
			},
			"engines": {
				"node": ">=12"
			},
			"funding": {
				"url": "https://github.com/sponsors/sindresorhus"
			}
		},
		"node_modules/string-width-cjs": {
			"name": "string-width",
			"version": "4.2.3",
			"resolved": "https://registry.npmjs.org/string-width/-/string-width-4.2.3.tgz",
			"integrity": "sha512-wKyQRQpjJ0sIp62ErSZdGsjMJWsap5oRNihHhu6G7JVO/9jIB6UyevL+tXuOqrng8j/cxKTWyWUwvSTriiZz/g==",
			"dev": true,
			"dependencies": {
				"emoji-regex": "^8.0.0",
				"is-fullwidth-code-point": "^3.0.0",
				"strip-ansi": "^6.0.1"
			},
			"engines": {
				"node": ">=8"
			}
		},
		"node_modules/string-width-cjs/node_modules/ansi-regex": {
			"version": "5.0.1",
			"resolved": "https://registry.npmjs.org/ansi-regex/-/ansi-regex-5.0.1.tgz",
			"integrity": "sha512-quJQXlTSUGL2LH9SUXo8VwsY4soanhgo6LNSm84E1LBcE8s3O0wpdiRzyR9z/ZZJMlMWv37qOOb9pdJlMUEKFQ==",
			"dev": true,
			"engines": {
				"node": ">=8"
			}
		},
		"node_modules/string-width-cjs/node_modules/emoji-regex": {
			"version": "8.0.0",
			"resolved": "https://registry.npmjs.org/emoji-regex/-/emoji-regex-8.0.0.tgz",
			"integrity": "sha512-MSjYzcWNOA0ewAHpz0MxpYFvwg6yjy1NG3xteoqz644VCo/RPgnr1/GGt+ic3iJTzQ8Eu3TdM14SawnVUmGE6A==",
			"dev": true
		},
		"node_modules/string-width-cjs/node_modules/strip-ansi": {
			"version": "6.0.1",
			"resolved": "https://registry.npmjs.org/strip-ansi/-/strip-ansi-6.0.1.tgz",
			"integrity": "sha512-Y38VPSHcqkFrCpFnQ9vuSXmquuv5oXOKpGeT6aGrr3o3Gc9AlVa6JBfUSOCnbxGGZF+/0ooI7KrPuUSztUdU5A==",
			"dev": true,
			"dependencies": {
				"ansi-regex": "^5.0.1"
			},
			"engines": {
				"node": ">=8"
			}
		},
		"node_modules/strip-ansi": {
			"version": "7.1.0",
			"resolved": "https://registry.npmjs.org/strip-ansi/-/strip-ansi-7.1.0.tgz",
			"integrity": "sha512-iq6eVVI64nQQTRYq2KtEg2d2uU7LElhTJwsH4YzIHZshxlgZms/wIc4VoDQTlG/IvVIrBKG06CrZnp0qv7hkcQ==",
			"dev": true,
			"dependencies": {
				"ansi-regex": "^6.0.1"
			},
			"engines": {
				"node": ">=12"
			},
			"funding": {
				"url": "https://github.com/chalk/strip-ansi?sponsor=1"
			}
		},
		"node_modules/strip-ansi-cjs": {
			"name": "strip-ansi",
			"version": "6.0.1",
			"resolved": "https://registry.npmjs.org/strip-ansi/-/strip-ansi-6.0.1.tgz",
			"integrity": "sha512-Y38VPSHcqkFrCpFnQ9vuSXmquuv5oXOKpGeT6aGrr3o3Gc9AlVa6JBfUSOCnbxGGZF+/0ooI7KrPuUSztUdU5A==",
			"dev": true,
			"dependencies": {
				"ansi-regex": "^5.0.1"
			},
			"engines": {
				"node": ">=8"
			}
		},
		"node_modules/strip-ansi-cjs/node_modules/ansi-regex": {
			"version": "5.0.1",
			"resolved": "https://registry.npmjs.org/ansi-regex/-/ansi-regex-5.0.1.tgz",
			"integrity": "sha512-quJQXlTSUGL2LH9SUXo8VwsY4soanhgo6LNSm84E1LBcE8s3O0wpdiRzyR9z/ZZJMlMWv37qOOb9pdJlMUEKFQ==",
			"dev": true,
			"engines": {
				"node": ">=8"
			}
		},
		"node_modules/strip-json-comments": {
			"version": "3.1.1",
			"resolved": "https://registry.npmjs.org/strip-json-comments/-/strip-json-comments-3.1.1.tgz",
			"integrity": "sha512-6fPc+R4ihwqP6N/aIv2f1gMH8lOVtWQHoqC4yK6oSDVVocumAsfCqjkXnqiYMhmMwS/mEHLp7Vehlt3ql6lEig==",
			"dev": true,
			"engines": {
				"node": ">=8"
			},
			"funding": {
				"url": "https://github.com/sponsors/sindresorhus"
			}
		},
		"node_modules/style-mod": {
			"version": "4.1.2",
			"resolved": "https://registry.npmjs.org/style-mod/-/style-mod-4.1.2.tgz",
			"integrity": "sha512-wnD1HyVqpJUI2+eKZ+eo1UwghftP6yuFheBqqe+bWCotBjC2K1YnteJILRMs3SM4V/0dLEW1SC27MWP5y+mwmw==",
			"dev": true,
			"peer": true
		},
		"node_modules/tslib": {
			"version": "2.6.2",
			"resolved": "https://registry.npmjs.org/tslib/-/tslib-2.6.2.tgz",
			"integrity": "sha512-AEYxH93jGFPn/a2iVAwW87VuUIkR1FVUKB77NwMF7nBTDkDrrT/Hpt/IrCJ0QXhW27jTBDcf5ZY7w6RiqTMw2Q==",
			"dev": true
		},
		"node_modules/typescript": {
			"version": "5.4.5",
			"resolved": "https://registry.npmjs.org/typescript/-/typescript-5.4.5.tgz",
			"integrity": "sha512-vcI4UpRgg81oIRUFwR0WSIHKt11nJ7SAVlYNIu+QpqeyXP+gpQJy/Z4+F0aGxSE4MqwjyXvW/TzgkLAx2AGHwQ==",
			"dev": true,
			"bin": {
				"tsc": "bin/tsc",
				"tsserver": "bin/tsserver"
			},
			"engines": {
				"node": ">=14.17"
			}
		},
		"node_modules/uc.micro": {
			"version": "2.1.0",
			"resolved": "https://registry.npmjs.org/uc.micro/-/uc.micro-2.1.0.tgz",
			"integrity": "sha512-ARDJmphmdvUk6Glw7y9DQ2bFkKBHwQHLi2lsaH6PPmz/Ka9sFOBsBluozhDltWmnv9u/cF6Rt87znRTPV+yp/A==",
			"dev": true
		},
		"node_modules/undici-types": {
			"version": "5.26.5",
			"resolved": "https://registry.npmjs.org/undici-types/-/undici-types-5.26.5.tgz",
			"integrity": "sha512-JlCMO+ehdEIKqlFxk6IfVoAUVmgz7cU7zD/h9XZ0qzeosSHmUJVOzSQvvYSYWXkFXC+IfLKSIffhv0sVZup6pA==",
			"dev": true
		},
		"node_modules/w3c-keyname": {
			"version": "2.2.8",
			"resolved": "https://registry.npmjs.org/w3c-keyname/-/w3c-keyname-2.2.8.tgz",
			"integrity": "sha512-dpojBhNsCNN7T82Tm7k26A6G9ML3NkhDsnw9n/eoxSRlVBB4CEtIQ/KTCLI2Fwf3ataSXRhYFkQi3SlnFwPvPQ==",
			"dev": true,
			"peer": true
		},
		"node_modules/which": {
			"version": "2.0.2",
			"resolved": "https://registry.npmjs.org/which/-/which-2.0.2.tgz",
			"integrity": "sha512-BLI3Tl1TW3Pvl70l3yq3Y64i+awpwXqsGBYWkkqMtnbXgrMD+yj7rhW0kuEDxzJaYXGjEW5ogapKNMEKNMjibA==",
			"dev": true,
			"dependencies": {
				"isexe": "^2.0.0"
			},
			"bin": {
				"node-which": "bin/node-which"
			},
			"engines": {
				"node": ">= 8"
			}
		},
		"node_modules/wrap-ansi": {
			"version": "8.1.0",
			"resolved": "https://registry.npmjs.org/wrap-ansi/-/wrap-ansi-8.1.0.tgz",
			"integrity": "sha512-si7QWI6zUMq56bESFvagtmzMdGOtoxfR+Sez11Mobfc7tm+VkUckk9bW2UeffTGVUbOksxmSw0AA2gs8g71NCQ==",
			"dev": true,
			"dependencies": {
				"ansi-styles": "^6.1.0",
				"string-width": "^5.0.1",
				"strip-ansi": "^7.0.1"
			},
			"engines": {
				"node": ">=12"
			},
			"funding": {
				"url": "https://github.com/chalk/wrap-ansi?sponsor=1"
			}
		},
		"node_modules/wrap-ansi-cjs": {
			"name": "wrap-ansi",
			"version": "7.0.0",
			"resolved": "https://registry.npmjs.org/wrap-ansi/-/wrap-ansi-7.0.0.tgz",
			"integrity": "sha512-YVGIj2kamLSTxw6NsZjoBxfSwsn0ycdesmc4p+Q21c5zPuZ1pl+NfxVdxPtdHvmNVOQ6XSYG4AUtyt/Fi7D16Q==",
			"dev": true,
			"dependencies": {
				"ansi-styles": "^4.0.0",
				"string-width": "^4.1.0",
				"strip-ansi": "^6.0.0"
			},
			"engines": {
				"node": ">=10"
			},
			"funding": {
				"url": "https://github.com/chalk/wrap-ansi?sponsor=1"
			}
		},
		"node_modules/wrap-ansi-cjs/node_modules/ansi-regex": {
			"version": "5.0.1",
			"resolved": "https://registry.npmjs.org/ansi-regex/-/ansi-regex-5.0.1.tgz",
			"integrity": "sha512-quJQXlTSUGL2LH9SUXo8VwsY4soanhgo6LNSm84E1LBcE8s3O0wpdiRzyR9z/ZZJMlMWv37qOOb9pdJlMUEKFQ==",
			"dev": true,
			"engines": {
				"node": ">=8"
			}
		},
		"node_modules/wrap-ansi-cjs/node_modules/ansi-styles": {
			"version": "4.3.0",
			"resolved": "https://registry.npmjs.org/ansi-styles/-/ansi-styles-4.3.0.tgz",
			"integrity": "sha512-zbB9rCJAT1rbjiVDb2hqKFHNYLxgtk8NURxZ3IZwD3F6NtxbXZQCnnSi1Lkx+IDohdPlFp222wVALIheZJQSEg==",
			"dev": true,
			"dependencies": {
				"color-convert": "^2.0.1"
			},
			"engines": {
				"node": ">=8"
			},
			"funding": {
				"url": "https://github.com/chalk/ansi-styles?sponsor=1"
			}
		},
		"node_modules/wrap-ansi-cjs/node_modules/emoji-regex": {
			"version": "8.0.0",
			"resolved": "https://registry.npmjs.org/emoji-regex/-/emoji-regex-8.0.0.tgz",
			"integrity": "sha512-MSjYzcWNOA0ewAHpz0MxpYFvwg6yjy1NG3xteoqz644VCo/RPgnr1/GGt+ic3iJTzQ8Eu3TdM14SawnVUmGE6A==",
			"dev": true
		},
		"node_modules/wrap-ansi-cjs/node_modules/string-width": {
			"version": "4.2.3",
			"resolved": "https://registry.npmjs.org/string-width/-/string-width-4.2.3.tgz",
			"integrity": "sha512-wKyQRQpjJ0sIp62ErSZdGsjMJWsap5oRNihHhu6G7JVO/9jIB6UyevL+tXuOqrng8j/cxKTWyWUwvSTriiZz/g==",
			"dev": true,
			"dependencies": {
				"emoji-regex": "^8.0.0",
				"is-fullwidth-code-point": "^3.0.0",
				"strip-ansi": "^6.0.1"
			},
			"engines": {
				"node": ">=8"
			}
		},
		"node_modules/wrap-ansi-cjs/node_modules/strip-ansi": {
			"version": "6.0.1",
			"resolved": "https://registry.npmjs.org/strip-ansi/-/strip-ansi-6.0.1.tgz",
			"integrity": "sha512-Y38VPSHcqkFrCpFnQ9vuSXmquuv5oXOKpGeT6aGrr3o3Gc9AlVa6JBfUSOCnbxGGZF+/0ooI7KrPuUSztUdU5A==",
			"dev": true,
			"dependencies": {
				"ansi-regex": "^5.0.1"
			},
			"engines": {
				"node": ">=8"
			}
		}
	}
}
